<?xml version="1.0" encoding="utf-8"?>
<Project ToolsVersion="4.0" xmlns="http://schemas.microsoft.com/developer/msbuild/2003">
  <ItemGroup>
    <Filter Include="system">
      <UniqueIdentifier>{22dd8095-74f9-46df-81a1-36675a040b1f}</UniqueIdentifier>
    </Filter>
  </ItemGroup>
  <ItemGroup>
    <ClCompile Include="stdafx.cpp" />
    <ClCompile Include="main.cpp" />
    <ClCompile Include="system\system.cpp">
      <Filter>system</Filter>
    </ClCompile>
    <ClCompile Include="Game.cpp" />
    <ClCompile Include="Shadow.cpp" />
    <ClCompile Include="Player.cpp" />
    <ClCompile Include="GameCamera.cpp" />
    <ClCompile Include="BackGround.cpp" />
    <ClCompile Include="Bullet.cpp" />
    <ClCompile Include="Turret.cpp" />
    <ClCompile Include="Lever.cpp" />
    <ClCompile Include="Stand.cpp" />
    <ClCompile Include="SpriteRender.cpp" />
    <ClCompile Include="Enemy.cpp" />
    <ClCompile Include="NaviMap.cpp" />
  </ItemGroup>
  <ItemGroup>
    <ClInclude Include="stdafx.h" />
    <ClInclude Include="system\system.h">
      <Filter>system</Filter>
    </ClInclude>
    <ClInclude Include="Game.h" />
    <ClInclude Include="Shadow.h" />
    <ClInclude Include="Player.h" />
    <ClInclude Include="GameCamera.h" />
    <ClInclude Include="BackGround.h" />
    <ClInclude Include="Bullet.h" />
    <ClInclude Include="Turret.h" />
    <ClInclude Include="Lever.h" />
    <ClInclude Include="Stand.h" />
    <ClInclude Include="SpriteRender.h" />
    <ClInclude Include="Enemy.h" />
    <ClInclude Include="NaviMap.h" />
  </ItemGroup>
</Project>